
Microsoft Visual Studio Solution File, Format Version 12.00
# Visual Studio Version 17
VisualStudioVersion = 17.13.35919.96
MinimumVisualStudioVersion = 10.0.40219.1
Project("{FAE04EC0-301F-11D3-BF4B-00C04F79EFBC}") = "TIMP_Lab4", "TIMP_Lab5\TIMP_Lab4.csproj", "{C1CA28CB-DD67-4E48-B0C5-5784878F9D5F}"
EndProject
Project("{FAE04EC0-301F-11D3-BF4B-00C04F79EFBC}") = "WhiteBox_Shadow", "WhiteBox\WhiteBox_Shadow.csproj", "{383F5449-854A-4DB0-BF31-EDD471282484}"
EndProject
Project("{FAE04EC0-301F-11D3-BF4B-00C04F79EFBC}") = "BlackBox_POLIZ", "BlackBox\BlackBox_POLIZ.csproj", "{0D0A01A4-E223-4389-82D5-951FCE0208B7}"
EndProject
Project("{FAE04EC0-301F-11D3-BF4B-00C04F79EFBC}") = "WhiteBox_POLIZ", "WhiteBox_POLIZ\WhiteBox_POLIZ.csproj", "{45D7C6D7-A229-4627-9E55-E116DEA6CE59}"
EndProject
Project("{2150E333-8FDC-42A3-9474-1A3956D46DE8}") = "TestsForPOLIZ", "TestsForPOLIZ", "{36D591C7-65C7-A0D1-1CBC-10CDE441BDC8}"
EndProject
Project("{2150E333-8FDC-42A3-9474-1A3956D46DE8}") = "TestsForShadow", "TestsForShadow", "{14212C9A-94D5-491E-BB96-EECDF8B1EDC1}"
EndProject
Project("{FAE04EC0-301F-11D3-BF4B-00C04F79EFBC}") = "BlackBox_Shadow", "BlackBox_Shadow\BlackBox_Shadow.csproj", "{EDB4F554-A1A8-40FC-8DB9-94F432E56ABB}"
EndProject
Global
	GlobalSection(SolutionConfigurationPlatforms) = preSolution
		Debug|Any CPU = Debug|Any CPU
		Release|Any CPU = Release|Any CPU
	EndGlobalSection
	GlobalSection(ProjectConfigurationPlatforms) = postSolution
		{C1CA28CB-DD67-4E48-B0C5-5784878F9D5F}.Debug|Any CPU.ActiveCfg = Debug|Any CPU
		{C1CA28CB-DD67-4E48-B0C5-5784878F9D5F}.Debug|Any CPU.Build.0 = Debug|Any CPU
		{C1CA28CB-DD67-4E48-B0C5-5784878F9D5F}.Release|Any CPU.ActiveCfg = Release|Any CPU
		{C1CA28CB-DD67-4E48-B0C5-5784878F9D5F}.Release|Any CPU.Build.0 = Release|Any CPU
		{383F5449-854A-4DB0-BF31-EDD471282484}.Debug|Any CPU.ActiveCfg = Debug|Any CPU
		{383F5449-854A-4DB0-BF31-EDD471282484}.Debug|Any CPU.Build.0 = Debug|Any CPU
		{383F5449-854A-4DB0-BF31-EDD471282484}.Release|Any CPU.ActiveCfg = Release|Any CPU
		{383F5449-854A-4DB0-BF31-EDD471282484}.Release|Any CPU.Build.0 = Release|Any CPU
		{0D0A01A4-E223-4389-82D5-951FCE0208B7}.Debug|Any CPU.ActiveCfg = Debug|Any CPU
		{0D0A01A4-E223-4389-82D5-951FCE0208B7}.Debug|Any CPU.Build.0 = Debug|Any CPU
		{0D0A01A4-E223-4389-82D5-951FCE0208B7}.Release|Any CPU.ActiveCfg = Release|Any CPU
		{0D0A01A4-E223-4389-82D5-951FCE0208B7}.Release|Any CPU.Build.0 = Release|Any CPU
		{45D7C6D7-A229-4627-9E55-E116DEA6CE59}.Debug|Any CPU.ActiveCfg = Debug|Any CPU
		{45D7C6D7-A229-4627-9E55-E116DEA6CE59}.Debug|Any CPU.Build.0 = Debug|Any CPU
		{45D7C6D7-A229-4627-9E55-E116DEA6CE59}.Release|Any CPU.ActiveCfg = Release|Any CPU
		{45D7C6D7-A229-4627-9E55-E116DEA6CE59}.Release|Any CPU.Build.0 = Release|Any CPU
		{EDB4F554-A1A8-40FC-8DB9-94F432E56ABB}.Debug|Any CPU.ActiveCfg = Debug|Any CPU
		{EDB4F554-A1A8-40FC-8DB9-94F432E56ABB}.Debug|Any CPU.Build.0 = Debug|Any CPU
		{EDB4F554-A1A8-40FC-8DB9-94F432E56ABB}.Release|Any CPU.ActiveCfg = Release|Any CPU
		{EDB4F554-A1A8-40FC-8DB9-94F432E56ABB}.Release|Any CPU.Build.0 = Release|Any CPU
	EndGlobalSection
	GlobalSection(SolutionProperties) = preSolution
		HideSolutionNode = FALSE
	EndGlobalSection
	GlobalSection(NestedProjects) = preSolution
		{383F5449-854A-4DB0-BF31-EDD471282484} = {14212C9A-94D5-491E-BB96-EECDF8B1EDC1}
		{0D0A01A4-E223-4389-82D5-951FCE0208B7} = {36D591C7-65C7-A0D1-1CBC-10CDE441BDC8}
		{45D7C6D7-A229-4627-9E55-E116DEA6CE59} = {36D591C7-65C7-A0D1-1CBC-10CDE441BDC8}
		{EDB4F554-A1A8-40FC-8DB9-94F432E56ABB} = {14212C9A-94D5-491E-BB96-EECDF8B1EDC1}
	EndGlobalSection
	GlobalSection(ExtensibilityGlobals) = postSolution
		SolutionGuid = {B1C0124F-0145-4EF3-88EF-8D9A437DE8BA}
	EndGlobalSection
EndGlobal
